
Microsoft Visual Studio Solution File, Format Version 12.00
# Visual Studio Version 16
VisualStudioVersion = 16.0.30717.126
MinimumVisualStudioVersion = 10.0.40219.1
Project("{FAE04EC0-301F-11D3-BF4B-00C04F79EFBC}") = "Example 3", "Example 3.csproj", "{4DCB9B0E-E9F9-4C39-B98F-3399C788354B}"
EndProject
Global
	GlobalSection(SolutionConfigurationPlatforms) = preSolution
		Debug|Any CPU = Debug|Any CPU
		Release|Any CPU = Release|Any CPU
	EndGlobalSection
	GlobalSection(ProjectConfigurationPlatforms) = postSolution
		{4DCB9B0E-E9F9-4C39-B98F-3399C788354B}.Debug|Any CPU.ActiveCfg = Debug|Any CPU
		{4DCB9B0E-E9F9-4C39-B98F-3399C788354B}.Debug|Any CPU.Build.0 = Debug|Any CPU
		{4DCB9B0E-E9F9-4C39-B98F-3399C788354B}.Release|Any CPU.ActiveCfg = Release|Any CPU
		{4DCB9B0E-E9F9-4C39-B98F-3399C788354B}.Release|Any CPU.Build.0 = Release|Any CPU
	EndGlobalSection
	GlobalSection(SolutionProperties) = preSolution
		HideSolutionNode = FALSE
	EndGlobalSection
	GlobalSection(ExtensibilityGlobals) = postSolution
		SolutionGuid = {D3564313-7013-483B-8395-E2A35E308DC1}
	EndGlobalSection
EndGlobal
