
Microsoft Visual Studio Solution File, Format Version 12.00
# Visual Studio Version 16
VisualStudioVersion = 16.0.30717.126
MinimumVisualStudioVersion = 10.0.40219.1
Project("{FAE04EC0-301F-11D3-BF4B-00C04F79EFBC}") = "Example 2", "Example 2.csproj", "{0EE62A73-7099-47FE-AE67-E36AAA646032}"
EndProject
Global
	GlobalSection(SolutionConfigurationPlatforms) = preSolution
		Debug|Any CPU = Debug|Any CPU
		Release|Any CPU = Release|Any CPU
	EndGlobalSection
	GlobalSection(ProjectConfigurationPlatforms) = postSolution
		{0EE62A73-7099-47FE-AE67-E36AAA646032}.Debug|Any CPU.ActiveCfg = Debug|Any CPU
		{0EE62A73-7099-47FE-AE67-E36AAA646032}.Debug|Any CPU.Build.0 = Debug|Any CPU
		{0EE62A73-7099-47FE-AE67-E36AAA646032}.Release|Any CPU.ActiveCfg = Release|Any CPU
		{0EE62A73-7099-47FE-AE67-E36AAA646032}.Release|Any CPU.Build.0 = Release|Any CPU
	EndGlobalSection
	GlobalSection(SolutionProperties) = preSolution
		HideSolutionNode = FALSE
	EndGlobalSection
	GlobalSection(ExtensibilityGlobals) = postSolution
		SolutionGuid = {85C7900B-C4B5-4277-9F56-F6A6A2C7C3D1}
	EndGlobalSection
EndGlobal
