
Microsoft Visual Studio Solution File, Format Version 12.00
# Visual Studio Version 16
VisualStudioVersion = 16.0.30717.126
MinimumVisualStudioVersion = 10.0.40219.1
Project("{FAE04EC0-301F-11D3-BF4B-00C04F79EFBC}") = "Summarising_Text", "Summarising_Text.csproj", "{FBC7F31F-D86D-4779-8413-5C5B9D1F2EF8}"
EndProject
Global
	GlobalSection(SolutionConfigurationPlatforms) = preSolution
		Debug|Any CPU = Debug|Any CPU
		Release|Any CPU = Release|Any CPU
	EndGlobalSection
	GlobalSection(ProjectConfigurationPlatforms) = postSolution
		{FBC7F31F-D86D-4779-8413-5C5B9D1F2EF8}.Debug|Any CPU.ActiveCfg = Debug|Any CPU
		{FBC7F31F-D86D-4779-8413-5C5B9D1F2EF8}.Debug|Any CPU.Build.0 = Debug|Any CPU
		{FBC7F31F-D86D-4779-8413-5C5B9D1F2EF8}.Release|Any CPU.ActiveCfg = Release|Any CPU
		{FBC7F31F-D86D-4779-8413-5C5B9D1F2EF8}.Release|Any CPU.Build.0 = Release|Any CPU
	EndGlobalSection
	GlobalSection(SolutionProperties) = preSolution
		HideSolutionNode = FALSE
	EndGlobalSection
	GlobalSection(ExtensibilityGlobals) = postSolution
		SolutionGuid = {896F24EF-66D2-4EE6-A49F-EB8F3D8CA46A}
	EndGlobalSection
EndGlobal
