
Microsoft Visual Studio Solution File, Format Version 12.00
# Visual Studio Version 16
VisualStudioVersion = 16.0.30717.126
MinimumVisualStudioVersion = 10.0.40219.1
Project("{FAE04EC0-301F-11D3-BF4B-00C04F79EFBC}") = "Path_Methods1", "Path_Methods1.csproj", "{526F48FC-45FF-428A-AED7-8B222DB2D931}"
EndProject
Global
	GlobalSection(SolutionConfigurationPlatforms) = preSolution
		Debug|Any CPU = Debug|Any CPU
		Release|Any CPU = Release|Any CPU
	EndGlobalSection
	GlobalSection(ProjectConfigurationPlatforms) = postSolution
		{526F48FC-45FF-428A-AED7-8B222DB2D931}.Debug|Any CPU.ActiveCfg = Debug|Any CPU
		{526F48FC-45FF-428A-AED7-8B222DB2D931}.Debug|Any CPU.Build.0 = Debug|Any CPU
		{526F48FC-45FF-428A-AED7-8B222DB2D931}.Release|Any CPU.ActiveCfg = Release|Any CPU
		{526F48FC-45FF-428A-AED7-8B222DB2D931}.Release|Any CPU.Build.0 = Release|Any CPU
	EndGlobalSection
	GlobalSection(SolutionProperties) = preSolution
		HideSolutionNode = FALSE
	EndGlobalSection
	GlobalSection(ExtensibilityGlobals) = postSolution
		SolutionGuid = {1962D05B-E0B3-4299-B308-B8823F2A8787}
	EndGlobalSection
EndGlobal
