
Microsoft Visual Studio Solution File, Format Version 12.00
# Visual Studio Version 16
VisualStudioVersion = 16.0.30717.126
MinimumVisualStudioVersion = 10.0.40219.1
Project("{FAE04EC0-301F-11D3-BF4B-00C04F79EFBC}") = "For Loops", "For Loops.csproj", "{1D6FCFB7-90BC-41C4-83A5-562D184C133D}"
EndProject
Global
	GlobalSection(SolutionConfigurationPlatforms) = preSolution
		Debug|Any CPU = Debug|Any CPU
		Release|Any CPU = Release|Any CPU
	EndGlobalSection
	GlobalSection(ProjectConfigurationPlatforms) = postSolution
		{1D6FCFB7-90BC-41C4-83A5-562D184C133D}.Debug|Any CPU.ActiveCfg = Debug|Any CPU
		{1D6FCFB7-90BC-41C4-83A5-562D184C133D}.Debug|Any CPU.Build.0 = Debug|Any CPU
		{1D6FCFB7-90BC-41C4-83A5-562D184C133D}.Release|Any CPU.ActiveCfg = Release|Any CPU
		{1D6FCFB7-90BC-41C4-83A5-562D184C133D}.Release|Any CPU.Build.0 = Release|Any CPU
	EndGlobalSection
	GlobalSection(SolutionProperties) = preSolution
		HideSolutionNode = FALSE
	EndGlobalSection
	GlobalSection(ExtensibilityGlobals) = postSolution
		SolutionGuid = {6FE1A3E7-C99A-4356-89E8-BAC40165FC3F}
	EndGlobalSection
EndGlobal
