
Microsoft Visual Studio Solution File, Format Version 12.00
# Visual Studio Version 16
VisualStudioVersion = 16.0.30717.126
MinimumVisualStudioVersion = 10.0.40219.1
Project("{FAE04EC0-301F-11D3-BF4B-00C04F79EFBC}") = "Foreach Loops", "Foreach Loops.csproj", "{D7923FAC-1505-4E56-A642-618093D88B94}"
EndProject
Global
	GlobalSection(SolutionConfigurationPlatforms) = preSolution
		Debug|Any CPU = Debug|Any CPU
		Release|Any CPU = Release|Any CPU
	EndGlobalSection
	GlobalSection(ProjectConfigurationPlatforms) = postSolution
		{D7923FAC-1505-4E56-A642-618093D88B94}.Debug|Any CPU.ActiveCfg = Debug|Any CPU
		{D7923FAC-1505-4E56-A642-618093D88B94}.Debug|Any CPU.Build.0 = Debug|Any CPU
		{D7923FAC-1505-4E56-A642-618093D88B94}.Release|Any CPU.ActiveCfg = Release|Any CPU
		{D7923FAC-1505-4E56-A642-618093D88B94}.Release|Any CPU.Build.0 = Release|Any CPU
	EndGlobalSection
	GlobalSection(SolutionProperties) = preSolution
		HideSolutionNode = FALSE
	EndGlobalSection
	GlobalSection(ExtensibilityGlobals) = postSolution
		SolutionGuid = {2983F71C-56A4-4D4C-AAC9-2DDEC3A9E946}
	EndGlobalSection
EndGlobal
