
Microsoft Visual Studio Solution File, Format Version 12.00
# Visual Studio Version 16
VisualStudioVersion = 16.0.30717.126
MinimumVisualStudioVersion = 10.0.40219.1
Project("{FAE04EC0-301F-11D3-BF4B-00C04F79EFBC}") = "Example 2", "Example 2.csproj", "{9929C713-6D0B-44FD-8550-B4CAD5F7ABB5}"
EndProject
Global
	GlobalSection(SolutionConfigurationPlatforms) = preSolution
		Debug|Any CPU = Debug|Any CPU
		Release|Any CPU = Release|Any CPU
	EndGlobalSection
	GlobalSection(ProjectConfigurationPlatforms) = postSolution
		{9929C713-6D0B-44FD-8550-B4CAD5F7ABB5}.Debug|Any CPU.ActiveCfg = Debug|Any CPU
		{9929C713-6D0B-44FD-8550-B4CAD5F7ABB5}.Debug|Any CPU.Build.0 = Debug|Any CPU
		{9929C713-6D0B-44FD-8550-B4CAD5F7ABB5}.Release|Any CPU.ActiveCfg = Release|Any CPU
		{9929C713-6D0B-44FD-8550-B4CAD5F7ABB5}.Release|Any CPU.Build.0 = Release|Any CPU
	EndGlobalSection
	GlobalSection(SolutionProperties) = preSolution
		HideSolutionNode = FALSE
	EndGlobalSection
	GlobalSection(ExtensibilityGlobals) = postSolution
		SolutionGuid = {F6BA2A28-541E-458D-AEEC-C2475F762F49}
	EndGlobalSection
EndGlobal
