
Microsoft Visual Studio Solution File, Format Version 12.00
# Visual Studio Version 16
VisualStudioVersion = 16.0.30717.126
MinimumVisualStudioVersion = 10.0.40219.1
Project("{FAE04EC0-301F-11D3-BF4B-00C04F79EFBC}") = "File and FileInfo", "File and FileInfo.csproj", "{E16FC21A-690A-4E97-88BC-CEA15E325002}"
EndProject
Global
	GlobalSection(SolutionConfigurationPlatforms) = preSolution
		Debug|Any CPU = Debug|Any CPU
		Release|Any CPU = Release|Any CPU
	EndGlobalSection
	GlobalSection(ProjectConfigurationPlatforms) = postSolution
		{E16FC21A-690A-4E97-88BC-CEA15E325002}.Debug|Any CPU.ActiveCfg = Debug|Any CPU
		{E16FC21A-690A-4E97-88BC-CEA15E325002}.Debug|Any CPU.Build.0 = Debug|Any CPU
		{E16FC21A-690A-4E97-88BC-CEA15E325002}.Release|Any CPU.ActiveCfg = Release|Any CPU
		{E16FC21A-690A-4E97-88BC-CEA15E325002}.Release|Any CPU.Build.0 = Release|Any CPU
	EndGlobalSection
	GlobalSection(SolutionProperties) = preSolution
		HideSolutionNode = FALSE
	EndGlobalSection
	GlobalSection(ExtensibilityGlobals) = postSolution
		SolutionGuid = {FB5D8F1F-1993-422B-AFC7-245235C4F939}
	EndGlobalSection
EndGlobal
