
Microsoft Visual Studio Solution File, Format Version 12.00
# Visual Studio Version 16
VisualStudioVersion = 16.0.30717.126
MinimumVisualStudioVersion = 10.0.40219.1
Project("{FAE04EC0-301F-11D3-BF4B-00C04F79EFBC}") = "ListsMethods", "ListsMethods.csproj", "{B85EFF11-8C76-4826-97EA-61BAC23D0310}"
EndProject
Global
	GlobalSection(SolutionConfigurationPlatforms) = preSolution
		Debug|Any CPU = Debug|Any CPU
		Release|Any CPU = Release|Any CPU
	EndGlobalSection
	GlobalSection(ProjectConfigurationPlatforms) = postSolution
		{B85EFF11-8C76-4826-97EA-61BAC23D0310}.Debug|Any CPU.ActiveCfg = Debug|Any CPU
		{B85EFF11-8C76-4826-97EA-61BAC23D0310}.Debug|Any CPU.Build.0 = Debug|Any CPU
		{B85EFF11-8C76-4826-97EA-61BAC23D0310}.Release|Any CPU.ActiveCfg = Release|Any CPU
		{B85EFF11-8C76-4826-97EA-61BAC23D0310}.Release|Any CPU.Build.0 = Release|Any CPU
	EndGlobalSection
	GlobalSection(SolutionProperties) = preSolution
		HideSolutionNode = FALSE
	EndGlobalSection
	GlobalSection(ExtensibilityGlobals) = postSolution
		SolutionGuid = {05EB9B8F-5ABE-492F-AD85-6D364CB5DF4E}
	EndGlobalSection
EndGlobal
