
Microsoft Visual Studio Solution File, Format Version 12.00
# Visual Studio Version 16
VisualStudioVersion = 16.0.30717.126
MinimumVisualStudioVersion = 10.0.40219.1
Project("{FAE04EC0-301F-11D3-BF4B-00C04F79EFBC}") = "If-Else", "If-Else.csproj", "{14C66392-399F-43EE-A725-20FA4BEC5FDA}"
EndProject
Global
	GlobalSection(SolutionConfigurationPlatforms) = preSolution
		Debug|Any CPU = Debug|Any CPU
		Release|Any CPU = Release|Any CPU
	EndGlobalSection
	GlobalSection(ProjectConfigurationPlatforms) = postSolution
		{14C66392-399F-43EE-A725-20FA4BEC5FDA}.Debug|Any CPU.ActiveCfg = Debug|Any CPU
		{14C66392-399F-43EE-A725-20FA4BEC5FDA}.Debug|Any CPU.Build.0 = Debug|Any CPU
		{14C66392-399F-43EE-A725-20FA4BEC5FDA}.Release|Any CPU.ActiveCfg = Release|Any CPU
		{14C66392-399F-43EE-A725-20FA4BEC5FDA}.Release|Any CPU.Build.0 = Release|Any CPU
	EndGlobalSection
	GlobalSection(SolutionProperties) = preSolution
		HideSolutionNode = FALSE
	EndGlobalSection
	GlobalSection(ExtensibilityGlobals) = postSolution
		SolutionGuid = {CEC8917B-5D0A-4051-810E-C85AC1467E4D}
	EndGlobalSection
EndGlobal
